
Microsoft Visual Studio Solution File, Format Version 12.00
# Visual Studio 2013
VisualStudioVersion = 12.0.40629.0
MinimumVisualStudioVersion = 10.0.40219.1
Project("{2150E333-8FDC-42A3-9474-1A3956D46DE8}") = "Presentation", "Presentation", "{8AFDB78E-A220-45A8-AC67-B89FCE3FB088}"
EndProject
Project("{2150E333-8FDC-42A3-9474-1A3956D46DE8}") = "Services", "Services", "{990B6897-9DE3-4919-872D-0C9B4E2DDB0A}"
EndProject
Project("{2150E333-8FDC-42A3-9474-1A3956D46DE8}") = "Application", "Application", "{F4B1E522-19B1-40A5-959E-8A470425481B}"
EndProject
Project("{2150E333-8FDC-42A3-9474-1A3956D46DE8}") = "Domain", "Domain", "{756CD021-DC73-4C02-A78F-CE735A49F4EB}"
EndProject
Project("{2150E333-8FDC-42A3-9474-1A3956D46DE8}") = "Infra", "Infra", "{0620A1E6-AE51-4AF2-8E98-36E7032F91BD}"
EndProject
Project("{2150E333-8FDC-42A3-9474-1A3956D46DE8}") = "Data", "Data", "{E7F9C2AA-5880-4DB0-B3BF-0014C157024E}"
EndProject
Project("{2150E333-8FDC-42A3-9474-1A3956D46DE8}") = "CrossCutting", "CrossCutting", "{A4B1007A-7FC0-45CF-9386-4C8B8C9E66E9}"
EndProject
Project("{FAE04EC0-301F-11D3-BF4B-00C04F79EFBC}") = "Book.Store.MVC", "Book.Store.MVC\Book.Store.MVC.csproj", "{2E420610-28FA-4646-9A01-3F10BC13AC4A}"
EndProject
Project("{FAE04EC0-301F-11D3-BF4B-00C04F79EFBC}") = "Book.Store.Domain", "Book.Store.Domain\Book.Store.Domain.csproj", "{2A8F7423-F3CA-4137-8182-081F440184FC}"
EndProject
Project("{FAE04EC0-301F-11D3-BF4B-00C04F79EFBC}") = "Book.Store.Infra.Data", "Book.Store.Infra.Data\Book.Store.Infra.Data.csproj", "{E1D0C904-0092-4C2D-B634-4B5EA1D887AB}"
EndProject
Project("{FAE04EC0-301F-11D3-BF4B-00C04F79EFBC}") = "Book.Store.Application", "Book.Store.Application\Book.Store.Application.csproj", "{7690FC98-7F22-41E0-8DF4-665B206465AA}"
EndProject
Project("{FAE04EC0-301F-11D3-BF4B-00C04F79EFBC}") = "Book.Store.WebApi", "Book.Store.WebApi\Book.Store.WebApi.csproj", "{039086D1-EAC3-41E1-A8DE-939264065A30}"
EndProject
Project("{FAE04EC0-301F-11D3-BF4B-00C04F79EFBC}") = "Book.Store.IoC", "Book.Store.IoC\Book.Store.IoC.csproj", "{79112301-DC15-45E4-806E-1A73F01D29AD}"
EndProject
Project("{FAE04EC0-301F-11D3-BF4B-00C04F79EFBC}") = "Book.Store.MVC.Business", "Book.Store.MVC.Business\Book.Store.MVC.Business.csproj", "{9D455B57-353A-453C-A450-C37D14BD8505}"
EndProject
Global
	GlobalSection(SolutionConfigurationPlatforms) = preSolution
		Debug|Any CPU = Debug|Any CPU
		Release|Any CPU = Release|Any CPU
	EndGlobalSection
	GlobalSection(ProjectConfigurationPlatforms) = postSolution
		{2E420610-28FA-4646-9A01-3F10BC13AC4A}.Debug|Any CPU.ActiveCfg = Debug|Any CPU
		{2E420610-28FA-4646-9A01-3F10BC13AC4A}.Debug|Any CPU.Build.0 = Debug|Any CPU
		{2E420610-28FA-4646-9A01-3F10BC13AC4A}.Release|Any CPU.ActiveCfg = Release|Any CPU
		{2E420610-28FA-4646-9A01-3F10BC13AC4A}.Release|Any CPU.Build.0 = Release|Any CPU
		{2A8F7423-F3CA-4137-8182-081F440184FC}.Debug|Any CPU.ActiveCfg = Debug|Any CPU
		{2A8F7423-F3CA-4137-8182-081F440184FC}.Debug|Any CPU.Build.0 = Debug|Any CPU
		{2A8F7423-F3CA-4137-8182-081F440184FC}.Release|Any CPU.ActiveCfg = Release|Any CPU
		{2A8F7423-F3CA-4137-8182-081F440184FC}.Release|Any CPU.Build.0 = Release|Any CPU
		{E1D0C904-0092-4C2D-B634-4B5EA1D887AB}.Debug|Any CPU.ActiveCfg = Debug|Any CPU
		{E1D0C904-0092-4C2D-B634-4B5EA1D887AB}.Debug|Any CPU.Build.0 = Debug|Any CPU
		{E1D0C904-0092-4C2D-B634-4B5EA1D887AB}.Release|Any CPU.ActiveCfg = Release|Any CPU
		{E1D0C904-0092-4C2D-B634-4B5EA1D887AB}.Release|Any CPU.Build.0 = Release|Any CPU
		{7690FC98-7F22-41E0-8DF4-665B206465AA}.Debug|Any CPU.ActiveCfg = Debug|Any CPU
		{7690FC98-7F22-41E0-8DF4-665B206465AA}.Debug|Any CPU.Build.0 = Debug|Any CPU
		{7690FC98-7F22-41E0-8DF4-665B206465AA}.Release|Any CPU.ActiveCfg = Release|Any CPU
		{7690FC98-7F22-41E0-8DF4-665B206465AA}.Release|Any CPU.Build.0 = Release|Any CPU
		{039086D1-EAC3-41E1-A8DE-939264065A30}.Debug|Any CPU.ActiveCfg = Debug|Any CPU
		{039086D1-EAC3-41E1-A8DE-939264065A30}.Debug|Any CPU.Build.0 = Debug|Any CPU
		{039086D1-EAC3-41E1-A8DE-939264065A30}.Release|Any CPU.ActiveCfg = Release|Any CPU
		{039086D1-EAC3-41E1-A8DE-939264065A30}.Release|Any CPU.Build.0 = Release|Any CPU
		{79112301-DC15-45E4-806E-1A73F01D29AD}.Debug|Any CPU.ActiveCfg = Debug|Any CPU
		{79112301-DC15-45E4-806E-1A73F01D29AD}.Debug|Any CPU.Build.0 = Debug|Any CPU
		{79112301-DC15-45E4-806E-1A73F01D29AD}.Release|Any CPU.ActiveCfg = Release|Any CPU
		{79112301-DC15-45E4-806E-1A73F01D29AD}.Release|Any CPU.Build.0 = Release|Any CPU
		{9D455B57-353A-453C-A450-C37D14BD8505}.Debug|Any CPU.ActiveCfg = Debug|Any CPU
		{9D455B57-353A-453C-A450-C37D14BD8505}.Debug|Any CPU.Build.0 = Debug|Any CPU
		{9D455B57-353A-453C-A450-C37D14BD8505}.Release|Any CPU.ActiveCfg = Release|Any CPU
		{9D455B57-353A-453C-A450-C37D14BD8505}.Release|Any CPU.Build.0 = Release|Any CPU
	EndGlobalSection
	GlobalSection(SolutionProperties) = preSolution
		HideSolutionNode = FALSE
	EndGlobalSection
	GlobalSection(NestedProjects) = preSolution
		{E7F9C2AA-5880-4DB0-B3BF-0014C157024E} = {0620A1E6-AE51-4AF2-8E98-36E7032F91BD}
		{A4B1007A-7FC0-45CF-9386-4C8B8C9E66E9} = {0620A1E6-AE51-4AF2-8E98-36E7032F91BD}
		{2E420610-28FA-4646-9A01-3F10BC13AC4A} = {8AFDB78E-A220-45A8-AC67-B89FCE3FB088}
		{2A8F7423-F3CA-4137-8182-081F440184FC} = {756CD021-DC73-4C02-A78F-CE735A49F4EB}
		{E1D0C904-0092-4C2D-B634-4B5EA1D887AB} = {E7F9C2AA-5880-4DB0-B3BF-0014C157024E}
		{7690FC98-7F22-41E0-8DF4-665B206465AA} = {F4B1E522-19B1-40A5-959E-8A470425481B}
		{039086D1-EAC3-41E1-A8DE-939264065A30} = {990B6897-9DE3-4919-872D-0C9B4E2DDB0A}
		{79112301-DC15-45E4-806E-1A73F01D29AD} = {A4B1007A-7FC0-45CF-9386-4C8B8C9E66E9}
		{9D455B57-353A-453C-A450-C37D14BD8505} = {8AFDB78E-A220-45A8-AC67-B89FCE3FB088}
	EndGlobalSection
EndGlobal
